<Solution>
  <Project Path="LibraryManager.Data/LibraryManager.Data.csproj" />
  <Project Path="LibraryManager.Migrations.Sqlite/LibraryManager.Migrations.Sqlite.csproj" />
  <Project Path="LibraryManager.Migrations.SqlServer/LibraryManager.Migrations.SqlServer.csproj" />
  <Project Path="LibraryManager.Tests/LibraryManager.Tests.csproj" />
  <Project Path="LibraryManager/LibraryManager.csproj" />
</Solution>
